
Microsoft Visual Studio Solution File, Format Version 12.00
# Visual Studio Version 16
VisualStudioVersion = 16.0.30907.101
MinimumVisualStudioVersion = 10.0.40219.1
Project("{2150E333-8FDC-42A3-9474-1A3956D46DE8}") = "User", "User", "{0747E70B-DA2E-4CD5-BFF5-ABA884F4ECF2}"
EndProject
Project("{2150E333-8FDC-42A3-9474-1A3956D46DE8}") = "src", "src", "{1630EEB0-46E9-47FA-81B1-EFDEA6159A24}"
EndProject
Project("{2150E333-8FDC-42A3-9474-1A3956D46DE8}") = "db", "db", "{49371E6A-18D0-4324-8B69-43F902CADF68}"
	ProjectSection(SolutionItems) = preProject
		User\db\Dockerfile = User\db\Dockerfile
	EndProjectSection
EndProject
Project("{9A19103F-16F7-4668-BE54-9A1E7A4F7556}") = "User.API", "User\src\User.API\User.API.csproj", "{F4134FAD-4081-48CD-8F4B-843EB664C115}"
EndProject
Project("{9A19103F-16F7-4668-BE54-9A1E7A4F7556}") = "User.Application", "User\src\User.Application\User.Application.csproj", "{F8842D9C-7629-43FC-90FC-E08BA143416F}"
EndProject
Project("{9A19103F-16F7-4668-BE54-9A1E7A4F7556}") = "User.Domain", "User\src\User.Domain\User.Domain.csproj", "{DAA9857E-A78A-4516-B965-B8B0F9E6B72C}"
EndProject
Project("{9A19103F-16F7-4668-BE54-9A1E7A4F7556}") = "User.Persistence", "User\src\User.Persistence\User.Persistence.csproj", "{2490051B-AEA2-4C12-828E-76C308313F4C}"
EndProject
Project("{2150E333-8FDC-42A3-9474-1A3956D46DE8}") = "Course", "Course", "{ABE8665B-B378-40BE-8CD8-00E2EC749439}"
EndProject
Project("{2150E333-8FDC-42A3-9474-1A3956D46DE8}") = "src", "src", "{ED28BD35-A760-40A0-B295-6BF51F2A199D}"
EndProject
Project("{2150E333-8FDC-42A3-9474-1A3956D46DE8}") = "db", "db", "{CC48850C-CF47-4A01-8AE0-730216F52669}"
	ProjectSection(SolutionItems) = preProject
		Course\db\Dockerfile = Course\db\Dockerfile
	EndProjectSection
EndProject
Project("{9A19103F-16F7-4668-BE54-9A1E7A4F7556}") = "Course.API", "Course\src\Course.API\Course.API.csproj", "{0053C359-B057-44FE-948A-054F7757D715}"
EndProject
Project("{9A19103F-16F7-4668-BE54-9A1E7A4F7556}") = "Course.Application", "Course\src\Course.Application\Course.Application.csproj", "{A93420F2-3620-4695-9830-88039E378325}"
EndProject
Project("{9A19103F-16F7-4668-BE54-9A1E7A4F7556}") = "Course.Domain", "Course\src\Course.Domain\Course.Domain.csproj", "{D39CCADB-8FBF-4903-B035-15262AFBA0E7}"
EndProject
Project("{9A19103F-16F7-4668-BE54-9A1E7A4F7556}") = "Course.Persistence", "Course\src\Course.Persistence\Course.Persistence.csproj", "{A5CE5252-D9D8-465E-A563-80F22EB0B86F}"
EndProject
Project("{2150E333-8FDC-42A3-9474-1A3956D46DE8}") = "data", "data", "{0928634F-D169-442C-B3F5-A5A0FAD63A62}"
	ProjectSection(SolutionItems) = preProject
		Course\db\data\coursedb.sql = Course\db\data\coursedb.sql
		Course\db\data\entrypoint.sh = Course\db\data\entrypoint.sh
		Course\db\data\SqlCmdStartup.sh = Course\db\data\SqlCmdStartup.sh
	EndProjectSection
EndProject
Project("{2150E333-8FDC-42A3-9474-1A3956D46DE8}") = "data", "data", "{07123530-4923-49CB-A919-0221C9C895A9}"
	ProjectSection(SolutionItems) = preProject
		User\db\data\entrypoint.sh = User\db\data\entrypoint.sh
		User\db\data\SqlCmdStartup.sh = User\db\data\SqlCmdStartup.sh
		User\db\data\userdb.sql = User\db\data\userdb.sql
	EndProjectSection
EndProject
Project("{E53339B2-1760-4266-BCC7-CA923CBCF16C}") = "docker-compose", "docker-compose.dcproj", "{9F3D79DB-6E6C-4FC2-8BD7-9224902869C0}"
EndProject
Project("{2150E333-8FDC-42A3-9474-1A3956D46DE8}") = "RegistrationQueue", "RegistrationQueue", "{5DA30F1E-B10E-44CA-A455-3A41AF732995}"
EndProject
Project("{9A19103F-16F7-4668-BE54-9A1E7A4F7556}") = "EventBusRabbitMQ", "RegistrationQueue\EventBusRabbitMQ.csproj", "{43352F20-6DD4-4F55-921D-07A7855C5410}"
EndProject
Project("{2150E333-8FDC-42A3-9474-1A3956D46DE8}") = "APIGateway", "APIGateway", "{6D87DF82-9AE2-413A-89B8-4450DE3ED1D8}"
EndProject
Project("{9A19103F-16F7-4668-BE54-9A1E7A4F7556}") = "CMAPIGateway", "APIGateway\CMAPIGateway\CMAPIGateway.csproj", "{A6472D73-B8DA-41E2-BCF3-1F4A5AD12A55}"
EndProject
Project("{2150E333-8FDC-42A3-9474-1A3956D46DE8}") = "CourseBasket", "CourseBasket", "{43C238BA-6FB1-4B1E-BCD1-BD1D84F7E190}"
EndProject
Project("{9A19103F-16F7-4668-BE54-9A1E7A4F7556}") = "CourseBasket.API", "CourseBasket\src\CourseBasket.API\CourseBasket.API.csproj", "{9F0BCC50-6A5B-404F-A77A-F125174AA940}"
EndProject
Project("{2150E333-8FDC-42A3-9474-1A3956D46DE8}") = "src", "src", "{A3D32576-FC59-4254-B7C7-4FAD91BE852A}"
EndProject
Project("{9A19103F-16F7-4668-BE54-9A1E7A4F7556}") = "CourseBasket.Application", "CourseBasket\src\CourseBasket.Application\CourseBasket.Application.csproj", "{AF45E69E-D5E8-4CB7-9310-84579B1BBA63}"
EndProject
Project("{9A19103F-16F7-4668-BE54-9A1E7A4F7556}") = "CourseBasket.Domain", "CourseBasket\src\CourseBasket.Domain\CourseBasket.Domain.csproj", "{C911FB83-CADE-4518-96A5-0438B6B13E3F}"
EndProject
Project("{9A19103F-16F7-4668-BE54-9A1E7A4F7556}") = "CourseBasket.Persistence", "CourseBasket\src\CourseBasket.Persistence\CourseBasket.Persistence.csproj", "{BD66F910-8CFB-44A7-920E-98FEE88FBEA5}"
EndProject
Project("{2150E333-8FDC-42A3-9474-1A3956D46DE8}") = "StudentCourse", "StudentCourse", "{6B264280-0A1A-496B-B1EE-960601ACC25F}"
EndProject
Project("{2150E333-8FDC-42A3-9474-1A3956D46DE8}") = "db", "db", "{C0683636-2C30-4090-86F5-0EFD92D93904}"
	ProjectSection(SolutionItems) = preProject
		StudentCourse\db\Dockerfile = StudentCourse\db\Dockerfile
	EndProjectSection
EndProject
Project("{2150E333-8FDC-42A3-9474-1A3956D46DE8}") = "src", "src", "{B4CCB93D-C188-4D85-BC27-5152825915BB}"
EndProject
Project("{9A19103F-16F7-4668-BE54-9A1E7A4F7556}") = "StudentCourse.API", "StudentCourse\src\StudentCourse.API\StudentCourse.API.csproj", "{CCF0B1B8-0D4E-4A55-A505-4D612239C959}"
EndProject
Project("{9A19103F-16F7-4668-BE54-9A1E7A4F7556}") = "StudentCourse.Application", "StudentCourse\src\StudentCourse.Application\StudentCourse.Application.csproj", "{EF794F9A-2605-4BEB-9D63-70684F983478}"
EndProject
Project("{9A19103F-16F7-4668-BE54-9A1E7A4F7556}") = "StudentCourse.Domain", "StudentCourse\src\StudentCourse.Domain\StudentCourse.Domain.csproj", "{411EC5D6-48E7-43AB-BA02-44F8F16B1D5A}"
EndProject
Project("{9A19103F-16F7-4668-BE54-9A1E7A4F7556}") = "StudentCourse.Persistence", "StudentCourse\src\StudentCourse.Persistence\StudentCourse.Persistence.csproj", "{926F5BBF-484F-42A7-82F3-AF499527C0B2}"
EndProject
Project("{2150E333-8FDC-42A3-9474-1A3956D46DE8}") = "SCM.Web", "SCM.Web", "{76465DD6-C194-4B90-911B-223339D35C37}"
EndProject
Project("{2150E333-8FDC-42A3-9474-1A3956D46DE8}") = "scm", "scm", "{97201CE4-86EB-4CCB-BFE4-E78B94EE7E88}"
	ProjectSection(SolutionItems) = preProject
		SCM.Web\scm\.browserslistrc = SCM.Web\scm\.browserslistrc
		SCM.Web\scm\.editorconfig = SCM.Web\scm\.editorconfig
		SCM.Web\scm\.gitignore = SCM.Web\scm\.gitignore
		SCM.Web\scm\angular.json = SCM.Web\scm\angular.json
		SCM.Web\scm\Dockerfile = SCM.Web\scm\Dockerfile
		SCM.Web\scm\karma.conf.js = SCM.Web\scm\karma.conf.js
		SCM.Web\scm\package-lock.json = SCM.Web\scm\package-lock.json
		SCM.Web\scm\package.json = SCM.Web\scm\package.json
		SCM.Web\scm\README.md = SCM.Web\scm\README.md
		SCM.Web\scm\tsconfig.app.json = SCM.Web\scm\tsconfig.app.json
		SCM.Web\scm\tsconfig.json = SCM.Web\scm\tsconfig.json
		SCM.Web\scm\tsconfig.spec.json = SCM.Web\scm\tsconfig.spec.json
		SCM.Web\scm\tslint.json = SCM.Web\scm\tslint.json
	EndProjectSection
EndProject
Project("{2150E333-8FDC-42A3-9474-1A3956D46DE8}") = "src", "src", "{D42A104E-846A-47EB-A18B-3B6C38054155}"
	ProjectSection(SolutionItems) = preProject
		SCM.Web\scm\src\favicon.ico = SCM.Web\scm\src\favicon.ico
		SCM.Web\scm\src\index.html = SCM.Web\scm\src\index.html
		SCM.Web\scm\src\main.ts = SCM.Web\scm\src\main.ts
		SCM.Web\scm\src\polyfills.ts = SCM.Web\scm\src\polyfills.ts
		SCM.Web\scm\src\styles.css = SCM.Web\scm\src\styles.css
		SCM.Web\scm\src\test.ts = SCM.Web\scm\src\test.ts
	EndProjectSection
EndProject
Project("{2150E333-8FDC-42A3-9474-1A3956D46DE8}") = "app", "app", "{1EDBA917-08A7-45B9-9210-1BB959332DD9}"
	ProjectSection(SolutionItems) = preProject
		SCM.Web\scm\src\app\app-routing.module.ts = SCM.Web\scm\src\app\app-routing.module.ts
		SCM.Web\scm\src\app\app.component.css = SCM.Web\scm\src\app\app.component.css
		SCM.Web\scm\src\app\app.component.html = SCM.Web\scm\src\app\app.component.html
		SCM.Web\scm\src\app\app.component.spec.ts = SCM.Web\scm\src\app\app.component.spec.ts
		SCM.Web\scm\src\app\app.component.ts = SCM.Web\scm\src\app\app.component.ts
		SCM.Web\scm\src\app\app.module.ts = SCM.Web\scm\src\app\app.module.ts
	EndProjectSection
EndProject
Project("{2150E333-8FDC-42A3-9474-1A3956D46DE8}") = "assets", "assets", "{F9755E5A-D3F1-4F7B-80AE-E9563E1BD608}"
	ProjectSection(SolutionItems) = preProject
		SCM.Web\scm\src\assets\.gitkeep = SCM.Web\scm\src\assets\.gitkeep
	EndProjectSection
EndProject
Project("{2150E333-8FDC-42A3-9474-1A3956D46DE8}") = "environments", "environments", "{56D25B04-AB07-4D10-9297-EAC2473D9F26}"
	ProjectSection(SolutionItems) = preProject
		SCM.Web\scm\src\environments\environment.prod.ts = SCM.Web\scm\src\environments\environment.prod.ts
		SCM.Web\scm\src\environments\environment.ts = SCM.Web\scm\src\environments\environment.ts
	EndProjectSection
EndProject
Project("{2150E333-8FDC-42A3-9474-1A3956D46DE8}") = "data", "data", "{3913605F-F195-4D35-8296-E0DB5EA89B76}"
	ProjectSection(SolutionItems) = preProject
		StudentCourse\db\data\entrypoint.sh = StudentCourse\db\data\entrypoint.sh
		StudentCourse\db\data\SqlCmdStartup.sh = StudentCourse\db\data\SqlCmdStartup.sh
		StudentCourse\db\data\studentcoursedb.sql = StudentCourse\db\data\studentcoursedb.sql
	EndProjectSection
EndProject
Global
	GlobalSection(SolutionConfigurationPlatforms) = preSolution
		Debug|Any CPU = Debug|Any CPU
		Release|Any CPU = Release|Any CPU
	EndGlobalSection
	GlobalSection(ProjectConfigurationPlatforms) = postSolution
		{F4134FAD-4081-48CD-8F4B-843EB664C115}.Debug|Any CPU.ActiveCfg = Debug|Any CPU
		{F4134FAD-4081-48CD-8F4B-843EB664C115}.Debug|Any CPU.Build.0 = Debug|Any CPU
		{F4134FAD-4081-48CD-8F4B-843EB664C115}.Release|Any CPU.ActiveCfg = Release|Any CPU
		{F4134FAD-4081-48CD-8F4B-843EB664C115}.Release|Any CPU.Build.0 = Release|Any CPU
		{F8842D9C-7629-43FC-90FC-E08BA143416F}.Debug|Any CPU.ActiveCfg = Debug|Any CPU
		{F8842D9C-7629-43FC-90FC-E08BA143416F}.Debug|Any CPU.Build.0 = Debug|Any CPU
		{F8842D9C-7629-43FC-90FC-E08BA143416F}.Release|Any CPU.ActiveCfg = Release|Any CPU
		{F8842D9C-7629-43FC-90FC-E08BA143416F}.Release|Any CPU.Build.0 = Release|Any CPU
		{DAA9857E-A78A-4516-B965-B8B0F9E6B72C}.Debug|Any CPU.ActiveCfg = Debug|Any CPU
		{DAA9857E-A78A-4516-B965-B8B0F9E6B72C}.Debug|Any CPU.Build.0 = Debug|Any CPU
		{DAA9857E-A78A-4516-B965-B8B0F9E6B72C}.Release|Any CPU.ActiveCfg = Release|Any CPU
		{DAA9857E-A78A-4516-B965-B8B0F9E6B72C}.Release|Any CPU.Build.0 = Release|Any CPU
		{2490051B-AEA2-4C12-828E-76C308313F4C}.Debug|Any CPU.ActiveCfg = Debug|Any CPU
		{2490051B-AEA2-4C12-828E-76C308313F4C}.Debug|Any CPU.Build.0 = Debug|Any CPU
		{2490051B-AEA2-4C12-828E-76C308313F4C}.Release|Any CPU.ActiveCfg = Release|Any CPU
		{2490051B-AEA2-4C12-828E-76C308313F4C}.Release|Any CPU.Build.0 = Release|Any CPU
		{0053C359-B057-44FE-948A-054F7757D715}.Debug|Any CPU.ActiveCfg = Debug|Any CPU
		{0053C359-B057-44FE-948A-054F7757D715}.Debug|Any CPU.Build.0 = Debug|Any CPU
		{0053C359-B057-44FE-948A-054F7757D715}.Release|Any CPU.ActiveCfg = Release|Any CPU
		{0053C359-B057-44FE-948A-054F7757D715}.Release|Any CPU.Build.0 = Release|Any CPU
		{A93420F2-3620-4695-9830-88039E378325}.Debug|Any CPU.ActiveCfg = Debug|Any CPU
		{A93420F2-3620-4695-9830-88039E378325}.Debug|Any CPU.Build.0 = Debug|Any CPU
		{A93420F2-3620-4695-9830-88039E378325}.Release|Any CPU.ActiveCfg = Release|Any CPU
		{A93420F2-3620-4695-9830-88039E378325}.Release|Any CPU.Build.0 = Release|Any CPU
		{D39CCADB-8FBF-4903-B035-15262AFBA0E7}.Debug|Any CPU.ActiveCfg = Debug|Any CPU
		{D39CCADB-8FBF-4903-B035-15262AFBA0E7}.Debug|Any CPU.Build.0 = Debug|Any CPU
		{D39CCADB-8FBF-4903-B035-15262AFBA0E7}.Release|Any CPU.ActiveCfg = Release|Any CPU
		{D39CCADB-8FBF-4903-B035-15262AFBA0E7}.Release|Any CPU.Build.0 = Release|Any CPU
		{A5CE5252-D9D8-465E-A563-80F22EB0B86F}.Debug|Any CPU.ActiveCfg = Debug|Any CPU
		{A5CE5252-D9D8-465E-A563-80F22EB0B86F}.Debug|Any CPU.Build.0 = Debug|Any CPU
		{A5CE5252-D9D8-465E-A563-80F22EB0B86F}.Release|Any CPU.ActiveCfg = Release|Any CPU
		{A5CE5252-D9D8-465E-A563-80F22EB0B86F}.Release|Any CPU.Build.0 = Release|Any CPU
		{9F3D79DB-6E6C-4FC2-8BD7-9224902869C0}.Debug|Any CPU.ActiveCfg = Debug|Any CPU
		{9F3D79DB-6E6C-4FC2-8BD7-9224902869C0}.Debug|Any CPU.Build.0 = Debug|Any CPU
		{9F3D79DB-6E6C-4FC2-8BD7-9224902869C0}.Release|Any CPU.ActiveCfg = Release|Any CPU
		{9F3D79DB-6E6C-4FC2-8BD7-9224902869C0}.Release|Any CPU.Build.0 = Release|Any CPU
		{43352F20-6DD4-4F55-921D-07A7855C5410}.Debug|Any CPU.ActiveCfg = Debug|Any CPU
		{43352F20-6DD4-4F55-921D-07A7855C5410}.Debug|Any CPU.Build.0 = Debug|Any CPU
		{43352F20-6DD4-4F55-921D-07A7855C5410}.Release|Any CPU.ActiveCfg = Release|Any CPU
		{43352F20-6DD4-4F55-921D-07A7855C5410}.Release|Any CPU.Build.0 = Release|Any CPU
		{A6472D73-B8DA-41E2-BCF3-1F4A5AD12A55}.Debug|Any CPU.ActiveCfg = Debug|Any CPU
		{A6472D73-B8DA-41E2-BCF3-1F4A5AD12A55}.Debug|Any CPU.Build.0 = Debug|Any CPU
		{A6472D73-B8DA-41E2-BCF3-1F4A5AD12A55}.Release|Any CPU.ActiveCfg = Release|Any CPU
		{A6472D73-B8DA-41E2-BCF3-1F4A5AD12A55}.Release|Any CPU.Build.0 = Release|Any CPU
		{9F0BCC50-6A5B-404F-A77A-F125174AA940}.Debug|Any CPU.ActiveCfg = Debug|Any CPU
		{9F0BCC50-6A5B-404F-A77A-F125174AA940}.Debug|Any CPU.Build.0 = Debug|Any CPU
		{9F0BCC50-6A5B-404F-A77A-F125174AA940}.Release|Any CPU.ActiveCfg = Release|Any CPU
		{9F0BCC50-6A5B-404F-A77A-F125174AA940}.Release|Any CPU.Build.0 = Release|Any CPU
		{AF45E69E-D5E8-4CB7-9310-84579B1BBA63}.Debug|Any CPU.ActiveCfg = Debug|Any CPU
		{AF45E69E-D5E8-4CB7-9310-84579B1BBA63}.Debug|Any CPU.Build.0 = Debug|Any CPU
		{AF45E69E-D5E8-4CB7-9310-84579B1BBA63}.Release|Any CPU.ActiveCfg = Release|Any CPU
		{AF45E69E-D5E8-4CB7-9310-84579B1BBA63}.Release|Any CPU.Build.0 = Release|Any CPU
		{C911FB83-CADE-4518-96A5-0438B6B13E3F}.Debug|Any CPU.ActiveCfg = Debug|Any CPU
		{C911FB83-CADE-4518-96A5-0438B6B13E3F}.Debug|Any CPU.Build.0 = Debug|Any CPU
		{C911FB83-CADE-4518-96A5-0438B6B13E3F}.Release|Any CPU.ActiveCfg = Release|Any CPU
		{C911FB83-CADE-4518-96A5-0438B6B13E3F}.Release|Any CPU.Build.0 = Release|Any CPU
		{BD66F910-8CFB-44A7-920E-98FEE88FBEA5}.Debug|Any CPU.ActiveCfg = Debug|Any CPU
		{BD66F910-8CFB-44A7-920E-98FEE88FBEA5}.Debug|Any CPU.Build.0 = Debug|Any CPU
		{BD66F910-8CFB-44A7-920E-98FEE88FBEA5}.Release|Any CPU.ActiveCfg = Release|Any CPU
		{BD66F910-8CFB-44A7-920E-98FEE88FBEA5}.Release|Any CPU.Build.0 = Release|Any CPU
		{CCF0B1B8-0D4E-4A55-A505-4D612239C959}.Debug|Any CPU.ActiveCfg = Debug|Any CPU
		{CCF0B1B8-0D4E-4A55-A505-4D612239C959}.Debug|Any CPU.Build.0 = Debug|Any CPU
		{CCF0B1B8-0D4E-4A55-A505-4D612239C959}.Release|Any CPU.ActiveCfg = Release|Any CPU
		{CCF0B1B8-0D4E-4A55-A505-4D612239C959}.Release|Any CPU.Build.0 = Release|Any CPU
		{EF794F9A-2605-4BEB-9D63-70684F983478}.Debug|Any CPU.ActiveCfg = Debug|Any CPU
		{EF794F9A-2605-4BEB-9D63-70684F983478}.Debug|Any CPU.Build.0 = Debug|Any CPU
		{EF794F9A-2605-4BEB-9D63-70684F983478}.Release|Any CPU.ActiveCfg = Release|Any CPU
		{EF794F9A-2605-4BEB-9D63-70684F983478}.Release|Any CPU.Build.0 = Release|Any CPU
		{411EC5D6-48E7-43AB-BA02-44F8F16B1D5A}.Debug|Any CPU.ActiveCfg = Debug|Any CPU
		{411EC5D6-48E7-43AB-BA02-44F8F16B1D5A}.Debug|Any CPU.Build.0 = Debug|Any CPU
		{411EC5D6-48E7-43AB-BA02-44F8F16B1D5A}.Release|Any CPU.ActiveCfg = Release|Any CPU
		{411EC5D6-48E7-43AB-BA02-44F8F16B1D5A}.Release|Any CPU.Build.0 = Release|Any CPU
		{926F5BBF-484F-42A7-82F3-AF499527C0B2}.Debug|Any CPU.ActiveCfg = Debug|Any CPU
		{926F5BBF-484F-42A7-82F3-AF499527C0B2}.Debug|Any CPU.Build.0 = Debug|Any CPU
		{926F5BBF-484F-42A7-82F3-AF499527C0B2}.Release|Any CPU.ActiveCfg = Release|Any CPU
		{926F5BBF-484F-42A7-82F3-AF499527C0B2}.Release|Any CPU.Build.0 = Release|Any CPU
	EndGlobalSection
	GlobalSection(SolutionProperties) = preSolution
		HideSolutionNode = FALSE
	EndGlobalSection
	GlobalSection(NestedProjects) = preSolution
		{1630EEB0-46E9-47FA-81B1-EFDEA6159A24} = {0747E70B-DA2E-4CD5-BFF5-ABA884F4ECF2}
		{49371E6A-18D0-4324-8B69-43F902CADF68} = {0747E70B-DA2E-4CD5-BFF5-ABA884F4ECF2}
		{F4134FAD-4081-48CD-8F4B-843EB664C115} = {1630EEB0-46E9-47FA-81B1-EFDEA6159A24}
		{F8842D9C-7629-43FC-90FC-E08BA143416F} = {1630EEB0-46E9-47FA-81B1-EFDEA6159A24}
		{DAA9857E-A78A-4516-B965-B8B0F9E6B72C} = {1630EEB0-46E9-47FA-81B1-EFDEA6159A24}
		{2490051B-AEA2-4C12-828E-76C308313F4C} = {1630EEB0-46E9-47FA-81B1-EFDEA6159A24}
		{ED28BD35-A760-40A0-B295-6BF51F2A199D} = {ABE8665B-B378-40BE-8CD8-00E2EC749439}
		{CC48850C-CF47-4A01-8AE0-730216F52669} = {ABE8665B-B378-40BE-8CD8-00E2EC749439}
		{0053C359-B057-44FE-948A-054F7757D715} = {ED28BD35-A760-40A0-B295-6BF51F2A199D}
		{A93420F2-3620-4695-9830-88039E378325} = {ED28BD35-A760-40A0-B295-6BF51F2A199D}
		{D39CCADB-8FBF-4903-B035-15262AFBA0E7} = {ED28BD35-A760-40A0-B295-6BF51F2A199D}
		{A5CE5252-D9D8-465E-A563-80F22EB0B86F} = {ED28BD35-A760-40A0-B295-6BF51F2A199D}
		{0928634F-D169-442C-B3F5-A5A0FAD63A62} = {CC48850C-CF47-4A01-8AE0-730216F52669}
		{07123530-4923-49CB-A919-0221C9C895A9} = {49371E6A-18D0-4324-8B69-43F902CADF68}
		{43352F20-6DD4-4F55-921D-07A7855C5410} = {5DA30F1E-B10E-44CA-A455-3A41AF732995}
		{A6472D73-B8DA-41E2-BCF3-1F4A5AD12A55} = {6D87DF82-9AE2-413A-89B8-4450DE3ED1D8}
		{9F0BCC50-6A5B-404F-A77A-F125174AA940} = {A3D32576-FC59-4254-B7C7-4FAD91BE852A}
		{A3D32576-FC59-4254-B7C7-4FAD91BE852A} = {43C238BA-6FB1-4B1E-BCD1-BD1D84F7E190}
		{AF45E69E-D5E8-4CB7-9310-84579B1BBA63} = {A3D32576-FC59-4254-B7C7-4FAD91BE852A}
		{C911FB83-CADE-4518-96A5-0438B6B13E3F} = {A3D32576-FC59-4254-B7C7-4FAD91BE852A}
		{BD66F910-8CFB-44A7-920E-98FEE88FBEA5} = {A3D32576-FC59-4254-B7C7-4FAD91BE852A}
		{C0683636-2C30-4090-86F5-0EFD92D93904} = {6B264280-0A1A-496B-B1EE-960601ACC25F}
		{B4CCB93D-C188-4D85-BC27-5152825915BB} = {6B264280-0A1A-496B-B1EE-960601ACC25F}
		{CCF0B1B8-0D4E-4A55-A505-4D612239C959} = {B4CCB93D-C188-4D85-BC27-5152825915BB}
		{EF794F9A-2605-4BEB-9D63-70684F983478} = {B4CCB93D-C188-4D85-BC27-5152825915BB}
		{411EC5D6-48E7-43AB-BA02-44F8F16B1D5A} = {B4CCB93D-C188-4D85-BC27-5152825915BB}
		{926F5BBF-484F-42A7-82F3-AF499527C0B2} = {B4CCB93D-C188-4D85-BC27-5152825915BB}
		{97201CE4-86EB-4CCB-BFE4-E78B94EE7E88} = {76465DD6-C194-4B90-911B-223339D35C37}
		{D42A104E-846A-47EB-A18B-3B6C38054155} = {97201CE4-86EB-4CCB-BFE4-E78B94EE7E88}
		{1EDBA917-08A7-45B9-9210-1BB959332DD9} = {D42A104E-846A-47EB-A18B-3B6C38054155}
		{F9755E5A-D3F1-4F7B-80AE-E9563E1BD608} = {D42A104E-846A-47EB-A18B-3B6C38054155}
		{56D25B04-AB07-4D10-9297-EAC2473D9F26} = {D42A104E-846A-47EB-A18B-3B6C38054155}
		{3913605F-F195-4D35-8296-E0DB5EA89B76} = {C0683636-2C30-4090-86F5-0EFD92D93904}
	EndGlobalSection
	GlobalSection(ExtensibilityGlobals) = postSolution
		SolutionGuid = {5C816C0D-D4FD-4184-9A02-129E668C8DF6}
	EndGlobalSection
EndGlobal
